
Microsoft Visual Studio Solution File, Format Version 12.00
# Visual Studio Version 16
VisualStudioVersion = 16.0.31410.357
MinimumVisualStudioVersion = 10.0.40219.1
Project("{F184B08F-C81C-45F6-A57F-5ABD9991F28F}") = "cvbajuberkah", "cvbajuberkah.vbproj", "{32601355-ABE4-4E4B-B8A6-46EE47B53B38}"
EndProject
Global
	GlobalSection(SolutionConfigurationPlatforms) = preSolution
		Debug|Any CPU = Debug|Any CPU
		Release|Any CPU = Release|Any CPU
	EndGlobalSection
	GlobalSection(ProjectConfigurationPlatforms) = postSolution
		{32601355-ABE4-4E4B-B8A6-46EE47B53B38}.Debug|Any CPU.ActiveCfg = Debug|Any CPU
		{32601355-ABE4-4E4B-B8A6-46EE47B53B38}.Debug|Any CPU.Build.0 = Debug|Any CPU
		{32601355-ABE4-4E4B-B8A6-46EE47B53B38}.Release|Any CPU.ActiveCfg = Release|Any CPU
		{32601355-ABE4-4E4B-B8A6-46EE47B53B38}.Release|Any CPU.Build.0 = Release|Any CPU
	EndGlobalSection
	GlobalSection(SolutionProperties) = preSolution
		HideSolutionNode = FALSE
	EndGlobalSection
	GlobalSection(ExtensibilityGlobals) = postSolution
		SolutionGuid = {37995824-A878-4791-AACC-C51C03B07077}
	EndGlobalSection
EndGlobal
